// !$*UTF8*$!
{
	archiveVersion = 1;
	classes = {
	};
	objectVersion = 56;
	objects = {

/* Begin PBXBuildFile section */
		0071BEB6290C52B50074C83C /* SwiftUIConcurrencyApp.swift in Sources */ = {isa = PBXBuildFile; fileRef = 0071BEB5290C52B50074C83C /* SwiftUIConcurrencyApp.swift */; };
		0071BEB8290C52B50074C83C /* ContentView.swift in Sources */ = {isa = PBXBuildFile; fileRef = 0071BEB7290C52B50074C83C /* ContentView.swift */; };
		0071BEBA290C52B70074C83C /* Assets.xcassets in Resources */ = {isa = PBXBuildFile; fileRef = 0071BEB9290C52B70074C83C /* Assets.xcassets */; };
		0071BEBD290C52B70074C83C /* Preview Assets.xcassets in Resources */ = {isa = PBXBuildFile; fileRef = 0071BEBC290C52B70074C83C /* Preview Assets.xcassets */; };
		0071BEC4290C55860074C83C /* DateTitle.swift in Sources */ = {isa = PBXBuildFile; fileRef = 0071BEC3290C55860074C83C /* DateTitle.swift */; };
		0071BEC8291031710074C83C /* HomeView.swift in Sources */ = {isa = PBXBuildFile; fileRef = 0071BEC7291031710074C83C /* HomeView.swift */; };
		0071BECA2910323B0074C83C /* FeaturedCourseCard.swift in Sources */ = {isa = PBXBuildFile; fileRef = 0071BEC92910323B0074C83C /* FeaturedCourseCard.swift */; };
		0071BECC29115DED0074C83C /* FeaturedCourseList.swift in Sources */ = {isa = PBXBuildFile; fileRef = 0071BECB29115DED0074C83C /* FeaturedCourseList.swift */; };
		0071BECE2911607D0074C83C /* CourseCard.swift in Sources */ = {isa = PBXBuildFile; fileRef = 0071BECD2911607D0074C83C /* CourseCard.swift */; };
		0071BED0291160DC0074C83C /* CourseListConcurrency.swift in Sources */ = {isa = PBXBuildFile; fileRef = 0071BECF291160DC0074C83C /* CourseListConcurrency.swift */; };
		00A0C5E62912CF1A005ED2DC /* Apollo in Frameworks */ = {isa = PBXBuildFile; productRef = 00A0C5E52912CF1A005ED2DC /* Apollo */; };
		00A0C5E82912D099005ED2DC /* schema.json in Resources */ = {isa = PBXBuildFile; fileRef = 00A0C5E72912D099005ED2DC /* schema.json */; };
		00A0C5EA2912D0FF005ED2DC /* CourseQuery.graphql in Resources */ = {isa = PBXBuildFile; fileRef = 00A0C5E92912D0FF005ED2DC /* CourseQuery.graphql */; };
/* End PBXBuildFile section */

/* Begin PBXFileReference section */
		0071BEB2290C52B50074C83C /* SwiftUIConcurrency.app */ = {isa = PBXFileReference; explicitFileType = wrapper.application; includeInIndex = 0; path = SwiftUIConcurrency.app; sourceTree = BUILT_PRODUCTS_DIR; };
		0071BEB5290C52B50074C83C /* SwiftUIConcurrencyApp.swift */ = {isa = PBXFileReference; lastKnownFileType = sourcecode.swift; path = SwiftUIConcurrencyApp.swift; sourceTree = "<group>"; };
		0071BEB7290C52B50074C83C /* ContentView.swift */ = {isa = PBXFileReference; lastKnownFileType = sourcecode.swift; path = ContentView.swift; sourceTree = "<group>"; };
		0071BEB9290C52B70074C83C /* Assets.xcassets */ = {isa = PBXFileReference; lastKnownFileType = folder.assetcatalog; path = Assets.xcassets; sourceTree = "<group>"; };
		0071BEBC290C52B70074C83C /* Preview Assets.xcassets */ = {isa = PBXFileReference; lastKnownFileType = folder.assetcatalog; path = "Preview Assets.xcassets"; sourceTree = "<group>"; };
		0071BEC3290C55860074C83C /* DateTitle.swift */ = {isa = PBXFileReference; lastKnownFileType = sourcecode.swift; path = DateTitle.swift; sourceTree = "<group>"; };
		0071BEC7291031710074C83C /* HomeView.swift */ = {isa = PBXFileReference; lastKnownFileType = sourcecode.swift; path = HomeView.swift; sourceTree = "<group>"; };
		0071BEC92910323B0074C83C /* FeaturedCourseCard.swift */ = {isa = PBXFileReference; lastKnownFileType = sourcecode.swift; path = FeaturedCourseCard.swift; sourceTree = "<group>"; };
		0071BECB29115DED0074C83C /* FeaturedCourseList.swift */ = {isa = PBXFileReference; lastKnownFileType = sourcecode.swift; path = FeaturedCourseList.swift; sourceTree = "<group>"; };
		0071BECD2911607D0074C83C /* CourseCard.swift */ = {isa = PBXFileReference; lastKnownFileType = sourcecode.swift; path = CourseCard.swift; sourceTree = "<group>"; };
		0071BECF291160DC0074C83C /* CourseListConcurrency.swift */ = {isa = PBXFileReference; lastKnownFileType = sourcecode.swift; path = CourseListConcurrency.swift; sourceTree = "<group>"; };
		00A0C5E72912D099005ED2DC /* schema.json */ = {isa = PBXFileReference; fileEncoding = 4; lastKnownFileType = text.json; path = schema.json; sourceTree = SOURCE_ROOT; };
		00A0C5E92912D0FF005ED2DC /* CourseQuery.graphql */ = {isa = PBXFileReference; lastKnownFileType = text; path = CourseQuery.graphql; sourceTree = "<group>"; };
/* End PBXFileReference section */

/* Begin PBXFrameworksBuildPhase section */
		0071BEAF290C52B50074C83C /* Frameworks */ = {
			isa = PBXFrameworksBuildPhase;
			buildActionMask = 2147483647;
			files = (
				00A0C5E62912CF1A005ED2DC /* Apollo in Frameworks */,
			);
			runOnlyForDeploymentPostprocessing = 0;
		};
/* End PBXFrameworksBuildPhase section */

/* Begin PBXGroup section */
		0071BEA9290C52B50074C83C = {
			isa = PBXGroup;
			children = (
				0071BEB4290C52B50074C83C /* SwiftUIConcurrency */,
				0071BEB3290C52B50074C83C /* Products */,
			);
			sourceTree = "<group>";
		};
		0071BEB3290C52B50074C83C /* Products */ = {
			isa = PBXGroup;
			children = (
				0071BEB2290C52B50074C83C /* SwiftUIConcurrency.app */,
			);
			name = Products;
			sourceTree = "<group>";
		};
		0071BEB4290C52B50074C83C /* SwiftUIConcurrency */ = {
			isa = PBXGroup;
			children = (
				00A0C5E72912D099005ED2DC /* schema.json */,
				0071BEC62910314D0074C83C /* Components */,
				0071BEC5291031370074C83C /* Views */,
				0071BEB5290C52B50074C83C /* SwiftUIConcurrencyApp.swift */,
				0071BEB9290C52B70074C83C /* Assets.xcassets */,
				0071BEBB290C52B70074C83C /* Preview Content */,
				00A0C5E92912D0FF005ED2DC /* CourseQuery.graphql */,
			);
			path = SwiftUIConcurrency;
			sourceTree = "<group>";
		};
		0071BEBB290C52B70074C83C /* Preview Content */ = {
			isa = PBXGroup;
			children = (
				0071BEBC290C52B70074C83C /* Preview Assets.xcassets */,
			);
			path = "Preview Content";
			sourceTree = "<group>";
		};
		0071BEC5291031370074C83C /* Views */ = {
			isa = PBXGroup;
			children = (
				0071BEB7290C52B50074C83C /* ContentView.swift */,
				0071BEC7291031710074C83C /* HomeView.swift */,
			);
			path = Views;
			sourceTree = "<group>";
		};
		0071BEC62910314D0074C83C /* Components */ = {
			isa = PBXGroup;
			children = (
				0071BEC3290C55860074C83C /* DateTitle.swift */,
				0071BEC92910323B0074C83C /* FeaturedCourseCard.swift */,
				0071BECB29115DED0074C83C /* FeaturedCourseList.swift */,
				0071BECD2911607D0074C83C /* CourseCard.swift */,
				0071BECF291160DC0074C83C /* CourseListConcurrency.swift */,
			);
			path = Components;
			sourceTree = "<group>";
		};
/* End PBXGroup section */

/* Begin PBXNativeTarget section */
		0071BEB1290C52B50074C83C /* SwiftUIConcurrency */ = {
			isa = PBXNativeTarget;
			buildConfigurationList = 0071BEC0290C52B70074C83C /* Build configuration list for PBXNativeTarget "SwiftUIConcurrency" */;
			buildPhases = (
				00A0C5EB2912D11B005ED2DC /* Generate Apollo GraphQL API */,
				0071BEAE290C52B50074C83C /* Sources */,
				0071BEAF290C52B50074C83C /* Frameworks */,
				0071BEB0290C52B50074C83C /* Resources */,
			);
			buildRules = (
			);
			dependencies = (
			);
			name = SwiftUIConcurrency;
			packageProductDependencies = (
				00A0C5E52912CF1A005ED2DC /* Apollo */,
			);
			productName = SwiftUIConcurrency;
			productReference = 0071BEB2290C52B50074C83C /* SwiftUIConcurrency.app */;
			productType = "com.apple.product-type.application";
		};
/* End PBXNativeTarget section */

/* Begin PBXProject section */
		0071BEAA290C52B50074C83C /* Project object */ = {
			isa = PBXProject;
			attributes = {
				BuildIndependentTargetsInParallel = 1;
				LastSwiftUpdateCheck = 1400;
				LastUpgradeCheck = 1400;
				TargetAttributes = {
					0071BEB1290C52B50074C83C = {
						CreatedOnToolsVersion = 14.0.1;
					};
				};
			};
			buildConfigurationList = 0071BEAD290C52B50074C83C /* Build configuration list for PBXProject "SwiftUIConcurrency" */;
			compatibilityVersion = "Xcode 14.0";
			developmentRegion = en;
			hasScannedForEncodings = 0;
			knownRegions = (
				en,
				Base,
			);
			mainGroup = 0071BEA9290C52B50074C83C;
			packageReferences = (
				00A0C5E42912CF1A005ED2DC /* XCRemoteSwiftPackageReference "apollo-ios" */,
			);
			productRefGroup = 0071BEB3290C52B50074C83C /* Products */;
			projectDirPath = "";
			projectRoot = "";
			targets = (
				0071BEB1290C52B50074C83C /* SwiftUIConcurrency */,
			);
		};
/* End PBXProject section */

/* Begin PBXResourcesBuildPhase section */
		0071BEB0290C52B50074C83C /* Resources */ = {
			isa = PBXResourcesBuildPhase;
			buildActionMask = 2147483647;
			files = (
				0071BEBD290C52B70074C83C /* Preview Assets.xcassets in Resources */,
				00A0C5E82912D099005ED2DC /* schema.json in Resources */,
				0071BEBA290C52B70074C83C /* Assets.xcassets in Resources */,
				00A0C5EA2912D0FF005ED2DC /* CourseQuery.graphql in Resources */,
			);
			runOnlyForDeploymentPostprocessing = 0;
		};
/* End PBXResourcesBuildPhase section */

/* Begin PBXShellScriptBuildPhase section */
		00A0C5EB2912D11B005ED2DC /* Generate Apollo GraphQL API */ = {
			isa = PBXShellScriptBuildPhase;
			buildActionMask = 2147483647;
			files = (
			);
			inputFileListPaths = (
			);
			inputPaths = (
			);
			name = "Generate Apollo GraphQL API";
			outputFileListPaths = (
			);
			outputPaths = (
			);
			runOnlyForDeploymentPostprocessing = 0;
			shellPath = /bin/sh;
			shellScript = "# Type a script or drag a script file from your workspace to insert its path.\n# Go to the build root and search up the chain to find the Derived Data Path where the source packages are checked out.\nDERIVED_DATA_CANDIDATE=\"${BUILD_ROOT}\"\n\nwhile ! [ -d \"${DERIVED_DATA_CANDIDATE}/SourcePackages\" ]; do\n  if [ \"${DERIVED_DATA_CANDIDATE}\" = / ]; then\n    echo >&2 \"error: Unable to locate SourcePackages directory from BUILD_ROOT: '${BUILD_ROOT}'\"\n    exit 1\n  fi\n\n  DERIVED_DATA_CANDIDATE=\"$(dirname \"${DERIVED_DATA_CANDIDATE}\")\"\ndone\n\n# Grab a reference to the directory where scripts are checked out\nSCRIPT_PATH=\"${DERIVED_DATA_CANDIDATE}/SourcePackages/checkouts/apollo-ios/scripts\"\n\nif [ -z \"${SCRIPT_PATH}\" ]; then\n    echo >&2 \"error: Couldn't find the CLI script in your checked out SPM packages; make sure to add the framework to your project.\"\n    exit 1\nfi\n\ncd \"${SRCROOT}/${TARGET_NAME}\"\n\"${SCRIPT_PATH}\"/run-bundled-codegen.sh codegen:generate --target=swift --includes=./**/*.graphql --localSchemaFile=\"schema.json\" API.swift\n";
		};
/* End PBXShellScriptBuildPhase section */

/* Begin PBXSourcesBuildPhase section */
		0071BEAE290C52B50074C83C /* Sources */ = {
			isa = PBXSourcesBuildPhase;
			buildActionMask = 2147483647;
			files = (
				0071BED0291160DC0074C83C /* CourseListConcurrency.swift in Sources */,
				0071BEB8290C52B50074C83C /* ContentView.swift in Sources */,
				0071BEC8291031710074C83C /* HomeView.swift in Sources */,
				0071BECC29115DED0074C83C /* FeaturedCourseList.swift in Sources */,
				0071BEB6290C52B50074C83C /* SwiftUIConcurrencyApp.swift in Sources */,
				0071BECE2911607D0074C83C /* CourseCard.swift in Sources */,
				0071BEC4290C55860074C83C /* DateTitle.swift in Sources */,
				0071BECA2910323B0074C83C /* FeaturedCourseCard.swift in Sources */,
			);
			runOnlyForDeploymentPostprocessing = 0;
		};
/* End PBXSourcesBuildPhase section */

/* Begin XCBuildConfiguration section */
		0071BEBE290C52B70074C83C /* Debug */ = {
			isa = XCBuildConfiguration;
			buildSettings = {
				ALWAYS_SEARCH_USER_PATHS = NO;
				CLANG_ANALYZER_NONNULL = YES;
				CLANG_ANALYZER_NUMBER_OBJECT_CONVERSION = YES_AGGRESSIVE;
				CLANG_CXX_LANGUAGE_STANDARD = "gnu++20";
				CLANG_ENABLE_MODULES = YES;
				CLANG_ENABLE_OBJC_ARC = YES;
				CLANG_ENABLE_OBJC_WEAK = YES;
				CLANG_WARN_BLOCK_CAPTURE_AUTORELEASING = YES;
				CLANG_WARN_BOOL_CONVERSION = YES;
				CLANG_WARN_COMMA = YES;
				CLANG_WARN_CONSTANT_CONVERSION = YES;
				CLANG_WARN_DEPRECATED_OBJC_IMPLEMENTATIONS = YES;
				CLANG_WARN_DIRECT_OBJC_ISA_USAGE = YES_ERROR;
				CLANG_WARN_DOCUMENTATION_COMMENTS = YES;
				CLANG_WARN_EMPTY_BODY = YES;
				CLANG_WARN_ENUM_CONVERSION = YES;
				CLANG_WARN_INFINITE_RECURSION = YES;
				CLANG_WARN_INT_CONVERSION = YES;
				CLANG_WARN_NON_LITERAL_NULL_CONVERSION = YES;
				CLANG_WARN_OBJC_IMPLICIT_RETAIN_SELF = YES;
				CLANG_WARN_OBJC_LITERAL_CONVERSION = YES;
				CLANG_WARN_OBJC_ROOT_CLASS = YES_ERROR;
				CLANG_WARN_QUOTED_INCLUDE_IN_FRAMEWORK_HEADER = YES;
				CLANG_WARN_RANGE_LOOP_ANALYSIS = YES;
				CLANG_WARN_STRICT_PROTOTYPES = YES;
				CLANG_WARN_SUSPICIOUS_MOVE = YES;
				CLANG_WARN_UNGUARDED_AVAILABILITY = YES_AGGRESSIVE;
				CLANG_WARN_UNREACHABLE_CODE = YES;
				CLANG_WARN__DUPLICATE_METHOD_MATCH = YES;
				COPY_PHASE_STRIP = NO;
				DEBUG_INFORMATION_FORMAT = dwarf;
				ENABLE_STRICT_OBJC_MSGSEND = YES;
				ENABLE_TESTABILITY = YES;
				GCC_C_LANGUAGE_STANDARD = gnu11;
				GCC_DYNAMIC_NO_PIC = NO;
				GCC_NO_COMMON_BLOCKS = YES;
				GCC_OPTIMIZATION_LEVEL = 0;
				GCC_PREPROCESSOR_DEFINITIONS = (
					"DEBUG=1",
					"$(inherited)",
				);
				GCC_WARN_64_TO_32_BIT_CONVERSION = YES;
				GCC_WARN_ABOUT_RETURN_TYPE = YES_ERROR;
				GCC_WARN_UNDECLARED_SELECTOR = YES;
				GCC_WARN_UNINITIALIZED_AUTOS = YES_AGGRESSIVE;
				GCC_WARN_UNUSED_FUNCTION = YES;
				GCC_WARN_UNUSED_VARIABLE = YES;
				IPHONEOS_DEPLOYMENT_TARGET = 16.0;
				MTL_ENABLE_DEBUG_INFO = INCLUDE_SOURCE;
				MTL_FAST_MATH = YES;
				ONLY_ACTIVE_ARCH = YES;
				SDKROOT = iphoneos;
				SWIFT_ACTIVE_COMPILATION_CONDITIONS = DEBUG;
				SWIFT_OPTIMIZATION_LEVEL = "-Onone";
			};
			name = Debug;
		};
		0071BEBF290C52B70074C83C /* Release */ = {
			isa = XCBuildConfiguration;
			buildSettings = {
				ALWAYS_SEARCH_USER_PATHS = NO;
				CLANG_ANALYZER_NONNULL = YES;
				CLANG_ANALYZER_NUMBER_OBJECT_CONVERSION = YES_AGGRESSIVE;
				CLANG_CXX_LANGUAGE_STANDARD = "gnu++20";
				CLANG_ENABLE_MODULES = YES;
				CLANG_ENABLE_OBJC_ARC = YES;
				CLANG_ENABLE_OBJC_WEAK = YES;
				CLANG_WARN_BLOCK_CAPTURE_AUTORELEASING = YES;
				CLANG_WARN_BOOL_CONVERSION = YES;
				CLANG_WARN_COMMA = YES;
				CLANG_WARN_CONSTANT_CONVERSION = YES;
				CLANG_WARN_DEPRECATED_OBJC_IMPLEMENTATIONS = YES;
				CLANG_WARN_DIRECT_OBJC_ISA_USAGE = YES_ERROR;
				CLANG_WARN_DOCUMENTATION_COMMENTS = YES;
				CLANG_WARN_EMPTY_BODY = YES;
				CLANG_WARN_ENUM_CONVERSION = YES;
				CLANG_WARN_INFINITE_RECURSION = YES;
				CLANG_WARN_INT_CONVERSION = YES;
				CLANG_WARN_NON_LITERAL_NULL_CONVERSION = YES;
				CLANG_WARN_OBJC_IMPLICIT_RETAIN_SELF = YES;
				CLANG_WARN_OBJC_LITERAL_CONVERSION = YES;
				CLANG_WARN_OBJC_ROOT_CLASS = YES_ERROR;
				CLANG_WARN_QUOTED_INCLUDE_IN_FRAMEWORK_HEADER = YES;
				CLANG_WARN_RANGE_LOOP_ANALYSIS = YES;
				CLANG_WARN_STRICT_PROTOTYPES = YES;
				CLANG_WARN_SUSPICIOUS_MOVE = YES;
				CLANG_WARN_UNGUARDED_AVAILABILITY = YES_AGGRESSIVE;
				CLANG_WARN_UNREACHABLE_CODE = YES;
				CLANG_WARN__DUPLICATE_METHOD_MATCH = YES;
				COPY_PHASE_STRIP = NO;
				DEBUG_INFORMATION_FORMAT = "dwarf-with-dsym";
				ENABLE_NS_ASSERTIONS = NO;
				ENABLE_STRICT_OBJC_MSGSEND = YES;
				GCC_C_LANGUAGE_STANDARD = gnu11;
				GCC_NO_COMMON_BLOCKS = YES;
				GCC_WARN_64_TO_32_BIT_CONVERSION = YES;
				GCC_WARN_ABOUT_RETURN_TYPE = YES_ERROR;
				GCC_WARN_UNDECLARED_SELECTOR = YES;
				GCC_WARN_UNINITIALIZED_AUTOS = YES_AGGRESSIVE;
				GCC_WARN_UNUSED_FUNCTION = YES;
				GCC_WARN_UNUSED_VARIABLE = YES;
				IPHONEOS_DEPLOYMENT_TARGET = 16.0;
				MTL_ENABLE_DEBUG_INFO = NO;
				MTL_FAST_MATH = YES;
				SDKROOT = iphoneos;
				SWIFT_COMPILATION_MODE = wholemodule;
				SWIFT_OPTIMIZATION_LEVEL = "-O";
				VALIDATE_PRODUCT = YES;
			};
			name = Release;
		};
		0071BEC1290C52B70074C83C /* Debug */ = {
			isa = XCBuildConfiguration;
			buildSettings = {
				ASSETCATALOG_COMPILER_APPICON_NAME = AppIcon;
				ASSETCATALOG_COMPILER_GLOBAL_ACCENT_COLOR_NAME = AccentColor;
				CODE_SIGN_STYLE = Automatic;
				CURRENT_PROJECT_VERSION = 1;
				DEVELOPMENT_ASSET_PATHS = "\"SwiftUIConcurrency/Preview Content\"";
				ENABLE_PREVIEWS = YES;
				GENERATE_INFOPLIST_FILE = YES;
				INFOPLIST_KEY_UIApplicationSceneManifest_Generation = YES;
				INFOPLIST_KEY_UIApplicationSupportsIndirectInputEvents = YES;
				INFOPLIST_KEY_UILaunchScreen_Generation = YES;
				INFOPLIST_KEY_UISupportedInterfaceOrientations_iPad = "UIInterfaceOrientationPortrait UIInterfaceOrientationPortraitUpsideDown UIInterfaceOrientationLandscapeLeft UIInterfaceOrientationLandscapeRight";
				INFOPLIST_KEY_UISupportedInterfaceOrientations_iPhone = "UIInterfaceOrientationPortrait UIInterfaceOrientationLandscapeLeft UIInterfaceOrientationLandscapeRight";
				LD_RUNPATH_SEARCH_PATHS = (
					"$(inherited)",
					"@executable_path/Frameworks",
				);
				MARKETING_VERSION = 1.0;
				PRODUCT_BUNDLE_IDENTIFIER = com.samarghourab.SwiftUIConcurrency;
				PRODUCT_NAME = "$(TARGET_NAME)";
				SWIFT_EMIT_LOC_STRINGS = YES;
				SWIFT_VERSION = 5.0;
				TARGETED_DEVICE_FAMILY = "1,2";
			};
			name = Debug;
		};
		0071BEC2290C52B70074C83C /* Release */ = {
			isa = XCBuildConfiguration;
			buildSettings = {
				ASSETCATALOG_COMPILER_APPICON_NAME = AppIcon;
				ASSETCATALOG_COMPILER_GLOBAL_ACCENT_COLOR_NAME = AccentColor;
				CODE_SIGN_STYLE = Automatic;
				CURRENT_PROJECT_VERSION = 1;
				DEVELOPMENT_ASSET_PATHS = "\"SwiftUIConcurrency/Preview Content\"";
				ENABLE_PREVIEWS = YES;
				GENERATE_INFOPLIST_FILE = YES;
				INFOPLIST_KEY_UIApplicationSceneManifest_Generation = YES;
				INFOPLIST_KEY_UIApplicationSupportsIndirectInputEvents = YES;
				INFOPLIST_KEY_UILaunchScreen_Generation = YES;
				INFOPLIST_KEY_UISupportedInterfaceOrientations_iPad = "UIInterfaceOrientationPortrait UIInterfaceOrientationPortraitUpsideDown UIInterfaceOrientationLandscapeLeft UIInterfaceOrientationLandscapeRight";
				INFOPLIST_KEY_UISupportedInterfaceOrientations_iPhone = "UIInterfaceOrientationPortrait UIInterfaceOrientationLandscapeLeft UIInterfaceOrientationLandscapeRight";
				LD_RUNPATH_SEARCH_PATHS = (
					"$(inherited)",
					"@executable_path/Frameworks",
				);
				MARKETING_VERSION = 1.0;
				PRODUCT_BUNDLE_IDENTIFIER = com.samarghourab.SwiftUIConcurrency;
				PRODUCT_NAME = "$(TARGET_NAME)";
				SWIFT_EMIT_LOC_STRINGS = YES;
				SWIFT_VERSION = 5.0;
				TARGETED_DEVICE_FAMILY = "1,2";
			};
			name = Release;
		};
/* End XCBuildConfiguration section */

/* Begin XCConfigurationList section */
		0071BEAD290C52B50074C83C /* Build configuration list for PBXProject "SwiftUIConcurrency" */ = {
			isa = XCConfigurationList;
			buildConfigurations = (
				0071BEBE290C52B70074C83C /* Debug */,
				0071BEBF290C52B70074C83C /* Release */,
			);
			defaultConfigurationIsVisible = 0;
			defaultConfigurationName = Release;
		};
		0071BEC0290C52B70074C83C /* Build configuration list for PBXNativeTarget "SwiftUIConcurrency" */ = {
			isa = XCConfigurationList;
			buildConfigurations = (
				0071BEC1290C52B70074C83C /* Debug */,
				0071BEC2290C52B70074C83C /* Release */,
			);
			defaultConfigurationIsVisible = 0;
			defaultConfigurationName = Release;
		};
/* End XCConfigurationList section */

/* Begin XCRemoteSwiftPackageReference section */
		00A0C5E42912CF1A005ED2DC /* XCRemoteSwiftPackageReference "apollo-ios" */ = {
			isa = XCRemoteSwiftPackageReference;
			repositoryURL = "https://github.com/apollographql/apollo-ios";
			requirement = {
				kind = upToNextMajorVersion;
				minimumVersion = 1.0.0;
			};
		};
/* End XCRemoteSwiftPackageReference section */

/* Begin XCSwiftPackageProductDependency section */
		00A0C5E52912CF1A005ED2DC /* Apollo */ = {
			isa = XCSwiftPackageProductDependency;
			package = 00A0C5E42912CF1A005ED2DC /* XCRemoteSwiftPackageReference "apollo-ios" */;
			productName = Apollo;
		};
/* End XCSwiftPackageProductDependency section */
	};
	rootObject = 0071BEAA290C52B50074C83C /* Project object */;
}
